
Microsoft Visual Studio Solution File, Format Version 12.00
# Visual Studio Version 16
VisualStudioVersion = 16.0.31624.102
MinimumVisualStudioVersion = 10.0.40219.1
Project("{FAE04EC0-301F-11D3-BF4B-00C04F79EFBC}") = "WpfDataBindingModesDemo", "WpfDataBindingModesDemo\WpfDataBindingModesDemo.csproj", "{211F3DBB-4B76-4FAB-B115-7C8D0DBF4347}"
EndProject
Global
	GlobalSection(SolutionConfigurationPlatforms) = preSolution
		Debug|Any CPU = Debug|Any CPU
		Release|Any CPU = Release|Any CPU
	EndGlobalSection
	GlobalSection(ProjectConfigurationPlatforms) = postSolution
		{211F3DBB-4B76-4FAB-B115-7C8D0DBF4347}.Debug|Any CPU.ActiveCfg = Debug|Any CPU
		{211F3DBB-4B76-4FAB-B115-7C8D0DBF4347}.Debug|Any CPU.Build.0 = Debug|Any CPU
		{211F3DBB-4B76-4FAB-B115-7C8D0DBF4347}.Release|Any CPU.ActiveCfg = Release|Any CPU
		{211F3DBB-4B76-4FAB-B115-7C8D0DBF4347}.Release|Any CPU.Build.0 = Release|Any CPU
	EndGlobalSection
	GlobalSection(SolutionProperties) = preSolution
		HideSolutionNode = FALSE
	EndGlobalSection
	GlobalSection(ExtensibilityGlobals) = postSolution
		SolutionGuid = {208F7CE3-29CF-46BF-86A3-061A74BA31AA}
	EndGlobalSection
EndGlobal
